// !$*UTF8*$!
{
	archiveVersion = 1;
	classes = {
	};
	objectVersion = 46;
	objects = {

/* Begin PBXBuildFile section */
		1D3623260D0F684500981E51 /* SPSampleAppDelegate.m in Sources */ = {isa = PBXBuildFile; fileRef = 1D3623250D0F684500981E51 /* SPSampleAppDelegate.m */; };
		1D60589F0D05DD5A006BFB54 /* Foundation.framework in Frameworks */ = {isa = PBXBuildFile; fileRef = 1D30AB110D05D00D00671497 /* Foundation.framework */; };
		28AD733F0D9D9553002E5188 /* MainWindow.xib in Resources */ = {isa = PBXBuildFile; fileRef = 28AD733E0D9D9553002E5188 /* MainWindow.xib */; };
		3E04C32616035AE800AB610E /* SPSettingsViewController.m in Sources */ = {isa = PBXBuildFile; fileRef = 3E04C32416035AE700AB610E /* SPSettingsViewController.m */; settings = {COMPILER_FLAGS = "-fno-objc-arc"; }; };
		3E04C32716035AE800AB610E /* SPSettingsViewController.xib in Resources */ = {isa = PBXBuildFile; fileRef = 3E04C32516035AE800AB610E /* SPSettingsViewController.xib */; };
		3E04C32F1603631800AB610E /* SPCustomParamsUtil.m in Sources */ = {isa = PBXBuildFile; fileRef = 3E04C32E1603631700AB610E /* SPCustomParamsUtil.m */; };
		3E1882BA15ECCA120021DFBC /* SPSignature.m in Sources */ = {isa = PBXBuildFile; fileRef = 3E1882B215ECCA110021DFBC /* SPSignature.m */; settings = {COMPILER_FLAGS = "-fno-objc-arc"; }; };
		3E1882BB15ECCA120021DFBC /* SPURLGenerator.m in Sources */ = {isa = PBXBuildFile; fileRef = 3E1882B415ECCA110021DFBC /* SPURLGenerator.m */; settings = {COMPILER_FLAGS = "-fno-objc-arc"; }; };
		3E1882C215ECCB0C0021DFBC /* NSString+SPURLEncoding.m in Sources */ = {isa = PBXBuildFile; fileRef = 3E1882BF15ECCB0C0021DFBC /* NSString+SPURLEncoding.m */; settings = {COMPILER_FLAGS = "-fno-objc-arc"; }; };
		3E1882C315ECCB0C0021DFBC /* NSURL+SPParametersParsing.m in Sources */ = {isa = PBXBuildFile; fileRef = 3E1882C115ECCB0C0021DFBC /* NSURL+SPParametersParsing.m */; settings = {COMPILER_FLAGS = "-fno-objc-arc"; }; };
		3E1882C715ECCB1D0021DFBC /* SPLogger.m in Sources */ = {isa = PBXBuildFile; fileRef = 3E1882C615ECCB1D0021DFBC /* SPLogger.m */; settings = {COMPILER_FLAGS = "-fno-objc-arc"; }; };
		3E1882C915ECCC700021DFBC /* CoreTelephony.framework in Frameworks */ = {isa = PBXBuildFile; fileRef = 3E1882C815ECCC700021DFBC /* CoreTelephony.framework */; };
		3E1882CB15ECCCD10021DFBC /* SystemConfiguration.framework in Frameworks */ = {isa = PBXBuildFile; fileRef = 3E1882CA15ECCCD10021DFBC /* SystemConfiguration.framework */; };
		3E312161160390700069F7AF /* settings.png in Resources */ = {isa = PBXBuildFile; fileRef = 3E312160160390700069F7AF /* settings.png */; };
		3E4E2B52160A1FCC00CA3A2D /* Icon.png in Resources */ = {isa = PBXBuildFile; fileRef = 3E4E2B50160A1FCC00CA3A2D /* Icon.png */; };
		3E4E2B53160A1FCC00CA3A2D /* Icon@2x.png in Resources */ = {isa = PBXBuildFile; fileRef = 3E4E2B51160A1FCC00CA3A2D /* Icon@2x.png */; };
		3E6E1C0E160B4627002A54A4 /* SPVirtualCurrencyServerConnector.m in Sources */ = {isa = PBXBuildFile; fileRef = 3E6E1C00160B4627002A54A4 /* SPVirtualCurrencyServerConnector.m */; settings = {COMPILER_FLAGS = "-fno-objc-arc"; }; };
		3E6E1C38160B4ADE002A54A4 /* AdSupport.framework in Frameworks */ = {isa = PBXBuildFile; fileRef = 3E6E1C37160B4ADE002A54A4 /* AdSupport.framework */; settings = {ATTRIBUTES = (Weak, ); }; };
		3E6E1C55160B706B002A54A4 /* LICENSE in Resources */ = {isa = PBXBuildFile; fileRef = 3E6E1C3B160B706B002A54A4 /* LICENSE */; };
		3E6E1C56160B706B002A54A4 /* NSObject+SBJson.m in Sources */ = {isa = PBXBuildFile; fileRef = 3E6E1C3D160B706B002A54A4 /* NSObject+SBJson.m */; settings = {COMPILER_FLAGS = "-fno-objc-arc"; }; };
		3E6E1C57160B706B002A54A4 /* SBJsonParser.m in Sources */ = {isa = PBXBuildFile; fileRef = 3E6E1C40160B706B002A54A4 /* SBJsonParser.m */; settings = {COMPILER_FLAGS = "-fno-objc-arc"; }; };
		3E6E1C58160B706B002A54A4 /* SBJsonStreamParser.m in Sources */ = {isa = PBXBuildFile; fileRef = 3E6E1C42160B706B002A54A4 /* SBJsonStreamParser.m */; settings = {COMPILER_FLAGS = "-fno-objc-arc"; }; };
		3E6E1C59160B706B002A54A4 /* SBJsonStreamParserAccumulator.m in Sources */ = {isa = PBXBuildFile; fileRef = 3E6E1C44160B706B002A54A4 /* SBJsonStreamParserAccumulator.m */; settings = {COMPILER_FLAGS = "-fno-objc-arc"; }; };
		3E6E1C5A160B706B002A54A4 /* SBJsonStreamParserAdapter.m in Sources */ = {isa = PBXBuildFile; fileRef = 3E6E1C46160B706B002A54A4 /* SBJsonStreamParserAdapter.m */; settings = {COMPILER_FLAGS = "-fno-objc-arc"; }; };
		3E6E1C5B160B706B002A54A4 /* SBJsonStreamParserState.m in Sources */ = {isa = PBXBuildFile; fileRef = 3E6E1C48160B706B002A54A4 /* SBJsonStreamParserState.m */; };
		3E6E1C5C160B706B002A54A4 /* SBJsonStreamWriter.m in Sources */ = {isa = PBXBuildFile; fileRef = 3E6E1C4A160B706B002A54A4 /* SBJsonStreamWriter.m */; };
		3E6E1C5D160B706B002A54A4 /* SBJsonStreamWriterAccumulator.m in Sources */ = {isa = PBXBuildFile; fileRef = 3E6E1C4C160B706B002A54A4 /* SBJsonStreamWriterAccumulator.m */; };
		3E6E1C5E160B706B002A54A4 /* SBJsonStreamWriterState.m in Sources */ = {isa = PBXBuildFile; fileRef = 3E6E1C4E160B706B002A54A4 /* SBJsonStreamWriterState.m */; };
		3E6E1C5F160B706B002A54A4 /* SBJsonTokeniser.m in Sources */ = {isa = PBXBuildFile; fileRef = 3E6E1C50160B706B002A54A4 /* SBJsonTokeniser.m */; };
		3E6E1C60160B706B002A54A4 /* SBJsonUTF8Stream.m in Sources */ = {isa = PBXBuildFile; fileRef = 3E6E1C52160B706B002A54A4 /* SBJsonUTF8Stream.m */; };
		3E6E1C61160B706B002A54A4 /* SBJsonWriter.m in Sources */ = {isa = PBXBuildFile; fileRef = 3E6E1C54160B706B002A54A4 /* SBJsonWriter.m */; };
		6331A7381369C26900C17FEF /* SPAdvertiserManager.m in Sources */ = {isa = PBXBuildFile; fileRef = 6331A72C1369C26900C17FEF /* SPAdvertiserManager.m */; settings = {COMPILER_FLAGS = "-fno-objc-arc"; }; };
		6331A7391369C26900C17FEF /* SPInterstitialViewController.m in Sources */ = {isa = PBXBuildFile; fileRef = 6331A72E1369C26900C17FEF /* SPInterstitialViewController.m */; settings = {COMPILER_FLAGS = "-fno-objc-arc"; }; };
		6331A73C1369C26900C17FEF /* SPOfferWallViewController.m in Sources */ = {isa = PBXBuildFile; fileRef = 6331A7321369C26900C17FEF /* SPOfferWallViewController.m */; settings = {COMPILER_FLAGS = "-fno-objc-arc"; }; };
		633906D81664DEC800DC29C8 /* iToast.m in Sources */ = {isa = PBXBuildFile; fileRef = 633906D21664DEC800DC29C8 /* iToast.m */; };
		633906DA1664DEC800DC29C8 /* CloseX.png in Resources */ = {isa = PBXBuildFile; fileRef = 633906D71664DEC800DC29C8 /* CloseX.png */; };
		633906E21664DEF000DC29C8 /* SPBrandEngageClient.m in Sources */ = {isa = PBXBuildFile; fileRef = 633906DD1664DEF000DC29C8 /* SPBrandEngageClient.m */; };
		633906E31664DEF000DC29C8 /* SPBrandEngageViewController.m in Sources */ = {isa = PBXBuildFile; fileRef = 633906DF1664DEF000DC29C8 /* SPBrandEngageViewController.m */; };
		633906E41664DEF000DC29C8 /* SPBrandEngageWebView.m in Sources */ = {isa = PBXBuildFile; fileRef = 633906E11664DEF000DC29C8 /* SPBrandEngageWebView.m */; };
		633906E51664E2A900DC29C8 /* CoreGraphics.framework in Frameworks */ = {isa = PBXBuildFile; fileRef = 288765A40DF7441C002DB57D /* CoreGraphics.framework */; };
		63512D38163589300005C5E1 /* SPAdvertisementViewController.m in Sources */ = {isa = PBXBuildFile; fileRef = 63512D37163589300005C5E1 /* SPAdvertisementViewController.m */; };
		6361F35F16B5A57B00DE2E1D /* SPTargetedNotificationFilter.m in Sources */ = {isa = PBXBuildFile; fileRef = 6361F35E16B5A57B00DE2E1D /* SPTargetedNotificationFilter.m */; };
		636D77AB1653DD640002C443 /* SPCredentials.m in Sources */ = {isa = PBXBuildFile; fileRef = 636D77AA1653DD640002C443 /* SPCredentials.m */; };
		6374EEDD1694802E0003BBBF /* SPActionIdValidator.m in Sources */ = {isa = PBXBuildFile; fileRef = 6374EEDC1694802E0003BBBF /* SPActionIdValidator.m */; };
		6374EEE2169480AD0003BBBF /* SPCallbackSendingOperation.m in Sources */ = {isa = PBXBuildFile; fileRef = 6374EEE1169480AD0003BBBF /* SPCallbackSendingOperation.m */; };
		6374EF051694813C0003BBBF /* OpenUDID.m in Sources */ = {isa = PBXBuildFile; fileRef = 6374EEE51694813C0003BBBF /* OpenUDID.m */; };
		6374EF071694813C0003BBBF /* SecureUDID.m in Sources */ = {isa = PBXBuildFile; fileRef = 6374EEE71694813C0003BBBF /* SecureUDID.m */; };
		6374EF091694813C0003BBBF /* SPAppleAdvertiserIDProvider.m in Sources */ = {isa = PBXBuildFile; fileRef = 6374EEE91694813C0003BBBF /* SPAppleAdvertiserIDProvider.m */; };
		6374EF0B1694813C0003BBBF /* SPHostAppBundleParametersProvider.m in Sources */ = {isa = PBXBuildFile; fileRef = 6374EEEB1694813C0003BBBF /* SPHostAppBundleParametersProvider.m */; };
		6374EF0D1694813C0003BBBF /* SPJailbreakStatusProvider.m in Sources */ = {isa = PBXBuildFile; fileRef = 6374EEED1694813C0003BBBF /* SPJailbreakStatusProvider.m */; };
		6374EF0F1694813C0003BBBF /* SPLocaleParametersProvider.m in Sources */ = {isa = PBXBuildFile; fileRef = 6374EEEF1694813C0003BBBF /* SPLocaleParametersProvider.m */; };
		6374EF111694813C0003BBBF /* SPMacAddressProvider.m in Sources */ = {isa = PBXBuildFile; fileRef = 6374EEF11694813C0003BBBF /* SPMacAddressProvider.m */; };
		6374EF131694813C0003BBBF /* SPMD5MacAddressProvider.m in Sources */ = {isa = PBXBuildFile; fileRef = 6374EEF31694813C0003BBBF /* SPMD5MacAddressProvider.m */; };
		6374EF151694813C0003BBBF /* SPNetworkParametersProvider.m in Sources */ = {isa = PBXBuildFile; fileRef = 6374EEF51694813C0003BBBF /* SPNetworkParametersProvider.m */; };
		6374EF171694813C0003BBBF /* SPOpenUDIDProvider.m in Sources */ = {isa = PBXBuildFile; fileRef = 6374EEF71694813C0003BBBF /* SPOpenUDIDProvider.m */; };
		6374EF191694813C0003BBBF /* SPScreenMetricsProvider.m in Sources */ = {isa = PBXBuildFile; fileRef = 6374EEF91694813C0003BBBF /* SPScreenMetricsProvider.m */; };
		6374EF1B1694813C0003BBBF /* SPSDKVersionProvider.m in Sources */ = {isa = PBXBuildFile; fileRef = 6374EEFB1694813C0003BBBF /* SPSDKVersionProvider.m */; };
		6374EF1D1694813C0003BBBF /* SPSecureUDIDProvider.m in Sources */ = {isa = PBXBuildFile; fileRef = 6374EEFD1694813C0003BBBF /* SPSecureUDIDProvider.m */; };
		6374EF1F1694813C0003BBBF /* SPSHA1MacAddressProvider.m in Sources */ = {isa = PBXBuildFile; fileRef = 6374EEFF1694813C0003BBBF /* SPSHA1MacAddressProvider.m */; };
		6374EF211694813C0003BBBF /* SPSystemParametersProvider.m in Sources */ = {isa = PBXBuildFile; fileRef = 6374EF011694813C0003BBBF /* SPSystemParametersProvider.m */; };
		638C811B16524C0800AA8322 /* SponsorPaySDK.m in Sources */ = {isa = PBXBuildFile; fileRef = 638C811A16524C0800AA8322 /* SponsorPaySDK.m */; };
		6395802313B0E3DF0024ABE7 /* Entitlements.plist in Resources */ = {isa = PBXBuildFile; fileRef = 6395802213B0E3DF0024ABE7 /* Entitlements.plist */; };
		6396875016A46BCF00715D14 /* dvsup_@2X.png in Resources */ = {isa = PBXBuildFile; fileRef = 6396874E16A46BCF00715D14 /* dvsup_@2X.png */; };
		6396875116A46BCF00715D14 /* dvsup.png in Resources */ = {isa = PBXBuildFile; fileRef = 6396874F16A46BCF00715D14 /* dvsup.png */; };
		6396875416A46D0E00715D14 /* lined_paper_@2X.png in Resources */ = {isa = PBXBuildFile; fileRef = 6396875216A46D0E00715D14 /* lined_paper_@2X.png */; };
		6396875516A46D0E00715D14 /* lined_paper.png in Resources */ = {isa = PBXBuildFile; fileRef = 6396875316A46D0E00715D14 /* lined_paper.png */; };
		6399DCDB16A4338500C81A97 /* SPLogViewController.m in Sources */ = {isa = PBXBuildFile; fileRef = 6399DCD916A4338300C81A97 /* SPLogViewController.m */; };
		6399DCDC16A4338500C81A97 /* SPLogViewController.xib in Resources */ = {isa = PBXBuildFile; fileRef = 6399DCDA16A4338400C81A97 /* SPLogViewController.xib */; };
		63AE1DB616A3792A0099FB37 /* SPStartSDKViewController.m in Sources */ = {isa = PBXBuildFile; fileRef = 63AE1DB416A379290099FB37 /* SPStartSDKViewController.m */; };
		63AE1DB716A3792A0099FB37 /* SPStartSDKViewController.xib in Resources */ = {isa = PBXBuildFile; fileRef = 63AE1DB516A3792A0099FB37 /* SPStartSDKViewController.xib */; };
		63B548C2163012DB00838580 /* SPSchemeParser.m in Sources */ = {isa = PBXBuildFile; fileRef = 63B548C1163012DB00838580 /* SPSchemeParser.m */; };
		63C740F717283E2100849205 /* SPReachability.m in Sources */ = {isa = PBXBuildFile; fileRef = 63C740F617283E2100849205 /* SPReachability.m */; };
		63CE2A6015474B5B002FEB6D /* UIKit.framework in Frameworks */ = {isa = PBXBuildFile; fileRef = 1DF5F4DF0D08C38300B7A737 /* UIKit.framework */; };
		63D46CA81698D19800507110 /* Default-568h@2x.png in Resources */ = {isa = PBXBuildFile; fileRef = 63D46CA71698D19800507110 /* Default-568h@2x.png */; };
		63D6F9EC1458131100DCB268 /* SPAppIdValidator.m in Sources */ = {isa = PBXBuildFile; fileRef = 63D6F9EB1458131100DCB268 /* SPAppIdValidator.m */; settings = {COMPILER_FLAGS = "-fno-objc-arc"; }; };
		63DE047D144594100096F965 /* SPLoadingIndicator.m in Sources */ = {isa = PBXBuildFile; fileRef = 63DE047C144594100096F965 /* SPLoadingIndicator.m */; settings = {COMPILER_FLAGS = "-fno-objc-arc"; }; };
		63DE5B5F16A401E10094A251 /* SPTestAppBaseViewController.m in Sources */ = {isa = PBXBuildFile; fileRef = 63DE5B5E16A401E10094A251 /* SPTestAppBaseViewController.m */; };
		63DE5B6416A4034A0094A251 /* SPOfferWallInterstitialViewController.m in Sources */ = {isa = PBXBuildFile; fileRef = 63DE5B6216A4034A0094A251 /* SPOfferWallInterstitialViewController.m */; };
		63DE5B6516A4034A0094A251 /* SPOfferWallInterstitialViewController.xib in Resources */ = {isa = PBXBuildFile; fileRef = 63DE5B6316A4034A0094A251 /* SPOfferWallInterstitialViewController.xib */; };
		63DE5B6916A40EB40094A251 /* SPVCSViewController.m in Sources */ = {isa = PBXBuildFile; fileRef = 63DE5B6716A40EB40094A251 /* SPVCSViewController.m */; };
		63DE5B6A16A40EB40094A251 /* SPVCSViewController.xib in Resources */ = {isa = PBXBuildFile; fileRef = 63DE5B6816A40EB40094A251 /* SPVCSViewController.xib */; };
		63DE5B6E16A411D20094A251 /* SPCPEActionsViewController.m in Sources */ = {isa = PBXBuildFile; fileRef = 63DE5B6C16A411D20094A251 /* SPCPEActionsViewController.m */; };
		63DE5B6F16A411D20094A251 /* SPCPEActionsViewController.xib in Resources */ = {isa = PBXBuildFile; fileRef = 63DE5B6D16A411D20094A251 /* SPCPEActionsViewController.xib */; };
		63DE5B7316A412E30094A251 /* SPMBEViewController.m in Sources */ = {isa = PBXBuildFile; fileRef = 63DE5B7116A412E20094A251 /* SPMBEViewController.m */; };
		63DE5B7416A412E30094A251 /* SPMBEViewController.xib in Resources */ = {isa = PBXBuildFile; fileRef = 63DE5B7216A412E30094A251 /* SPMBEViewController.xib */; };
		63E3EBD514332CB30083D0C8 /* SPPersistence.m in Sources */ = {isa = PBXBuildFile; fileRef = 63E3EBD414332CB20083D0C8 /* SPPersistence.m */; settings = {COMPILER_FLAGS = "-fno-objc-arc"; }; };
		63EB0A97134C535A001DC807 /* main.m in Sources */ = {isa = PBXBuildFile; fileRef = 63EB0A96134C535A001DC807 /* main.m */; };
/* End PBXBuildFile section */

/* Begin PBXFileReference section */
		1D30AB110D05D00D00671497 /* Foundation.framework */ = {isa = PBXFileReference; lastKnownFileType = wrapper.framework; name = Foundation.framework; path = System/Library/Frameworks/Foundation.framework; sourceTree = SDKROOT; };
		1D3623240D0F684500981E51 /* SPSampleAppDelegate.h */ = {isa = PBXFileReference; fileEncoding = 4; lastKnownFileType = sourcecode.c.h; path = SPSampleAppDelegate.h; sourceTree = "<group>"; };
		1D3623250D0F684500981E51 /* SPSampleAppDelegate.m */ = {isa = PBXFileReference; fileEncoding = 4; lastKnownFileType = sourcecode.c.objc; path = SPSampleAppDelegate.m; sourceTree = "<group>"; };
		1D6058910D05DD3D006BFB54 /* SponsorPaySample.app */ = {isa = PBXFileReference; explicitFileType = wrapper.application; includeInIndex = 0; path = SponsorPaySample.app; sourceTree = BUILT_PRODUCTS_DIR; };
		1DF5F4DF0D08C38300B7A737 /* UIKit.framework */ = {isa = PBXFileReference; lastKnownFileType = wrapper.framework; name = UIKit.framework; path = System/Library/Frameworks/UIKit.framework; sourceTree = SDKROOT; };
		288765A40DF7441C002DB57D /* CoreGraphics.framework */ = {isa = PBXFileReference; lastKnownFileType = wrapper.framework; name = CoreGraphics.framework; path = System/Library/Frameworks/CoreGraphics.framework; sourceTree = SDKROOT; };
		28AD733E0D9D9553002E5188 /* MainWindow.xib */ = {isa = PBXFileReference; lastKnownFileType = file.xib; path = MainWindow.xib; sourceTree = "<group>"; };
		310b3f2360206329a21f6ce5 /* CFNetwork.framework */ = {isa = PBXFileReference; fileEncoding = 4; lastKnownFileType = wrapper.framework; name = CFNetwork.framework; path = System/Library/Frameworks/CFNetwork.framework; sourceTree = SDKROOT; };
		32CA4F630368D1EE00C91783 /* SponsorPaySample_Prefix.pch */ = {isa = PBXFileReference; fileEncoding = 4; lastKnownFileType = sourcecode.c.h; path = SponsorPaySample_Prefix.pch; sourceTree = "<group>"; };
		3E04C32316035AE700AB610E /* SPSettingsViewController.h */ = {isa = PBXFileReference; fileEncoding = 4; lastKnownFileType = sourcecode.c.h; path = SPSettingsViewController.h; sourceTree = "<group>"; };
		3E04C32416035AE700AB610E /* SPSettingsViewController.m */ = {isa = PBXFileReference; fileEncoding = 4; lastKnownFileType = sourcecode.c.objc; path = SPSettingsViewController.m; sourceTree = "<group>"; };
		3E04C32516035AE800AB610E /* SPSettingsViewController.xib */ = {isa = PBXFileReference; fileEncoding = 4; lastKnownFileType = file.xib; name = SPSettingsViewController.xib; path = Classes/SPSettingsViewController.xib; sourceTree = "<group>"; };
		3E04C32D1603631700AB610E /* SPCustomParamsUtil.h */ = {isa = PBXFileReference; fileEncoding = 4; lastKnownFileType = sourcecode.c.h; path = SPCustomParamsUtil.h; sourceTree = "<group>"; };
		3E04C32E1603631700AB610E /* SPCustomParamsUtil.m */ = {isa = PBXFileReference; fileEncoding = 4; lastKnownFileType = sourcecode.c.objc; path = SPCustomParamsUtil.m; sourceTree = "<group>"; };
		3E1882B115ECCA110021DFBC /* SPSignature.h */ = {isa = PBXFileReference; fileEncoding = 4; lastKnownFileType = sourcecode.c.h; path = SPSignature.h; sourceTree = "<group>"; };
		3E1882B215ECCA110021DFBC /* SPSignature.m */ = {isa = PBXFileReference; fileEncoding = 4; lastKnownFileType = sourcecode.c.objc; path = SPSignature.m; sourceTree = "<group>"; };
		3E1882B315ECCA110021DFBC /* SPURLGenerator.h */ = {isa = PBXFileReference; fileEncoding = 4; lastKnownFileType = sourcecode.c.h; path = SPURLGenerator.h; sourceTree = "<group>"; };
		3E1882B415ECCA110021DFBC /* SPURLGenerator.m */ = {isa = PBXFileReference; fileEncoding = 4; lastKnownFileType = sourcecode.c.objc; path = SPURLGenerator.m; sourceTree = "<group>"; };
		3E1882BE15ECCB0C0021DFBC /* NSString+SPURLEncoding.h */ = {isa = PBXFileReference; fileEncoding = 4; lastKnownFileType = sourcecode.c.h; path = "NSString+SPURLEncoding.h"; sourceTree = "<group>"; };
		3E1882BF15ECCB0C0021DFBC /* NSString+SPURLEncoding.m */ = {isa = PBXFileReference; fileEncoding = 4; lastKnownFileType = sourcecode.c.objc; path = "NSString+SPURLEncoding.m"; sourceTree = "<group>"; };
		3E1882C015ECCB0C0021DFBC /* NSURL+SPParametersParsing.h */ = {isa = PBXFileReference; fileEncoding = 4; lastKnownFileType = sourcecode.c.h; path = "NSURL+SPParametersParsing.h"; sourceTree = "<group>"; };
		3E1882C115ECCB0C0021DFBC /* NSURL+SPParametersParsing.m */ = {isa = PBXFileReference; fileEncoding = 4; lastKnownFileType = sourcecode.c.objc; path = "NSURL+SPParametersParsing.m"; sourceTree = "<group>"; };
		3E1882C515ECCB1D0021DFBC /* SPLogger.h */ = {isa = PBXFileReference; fileEncoding = 4; lastKnownFileType = sourcecode.c.h; path = SPLogger.h; sourceTree = "<group>"; };
		3E1882C615ECCB1D0021DFBC /* SPLogger.m */ = {isa = PBXFileReference; fileEncoding = 4; lastKnownFileType = sourcecode.c.objc; path = SPLogger.m; sourceTree = "<group>"; };
		3E1882C815ECCC700021DFBC /* CoreTelephony.framework */ = {isa = PBXFileReference; lastKnownFileType = wrapper.framework; name = CoreTelephony.framework; path = System/Library/Frameworks/CoreTelephony.framework; sourceTree = SDKROOT; };
		3E1882CA15ECCCD10021DFBC /* SystemConfiguration.framework */ = {isa = PBXFileReference; lastKnownFileType = wrapper.framework; name = SystemConfiguration.framework; path = System/Library/Frameworks/SystemConfiguration.framework; sourceTree = SDKROOT; };
		3E312160160390700069F7AF /* settings.png */ = {isa = PBXFileReference; lastKnownFileType = image.png; path = settings.png; sourceTree = "<group>"; };
		3E4E2B50160A1FCC00CA3A2D /* Icon.png */ = {isa = PBXFileReference; lastKnownFileType = image.png; path = Icon.png; sourceTree = "<group>"; };
		3E4E2B51160A1FCC00CA3A2D /* Icon@2x.png */ = {isa = PBXFileReference; lastKnownFileType = image.png; path = "Icon@2x.png"; sourceTree = "<group>"; };
		3E6E1BFF160B4627002A54A4 /* SPVirtualCurrencyServerConnector.h */ = {isa = PBXFileReference; fileEncoding = 4; lastKnownFileType = sourcecode.c.h; path = SPVirtualCurrencyServerConnector.h; sourceTree = "<group>"; };
		3E6E1C00160B4627002A54A4 /* SPVirtualCurrencyServerConnector.m */ = {isa = PBXFileReference; fileEncoding = 4; lastKnownFileType = sourcecode.c.objc; path = SPVirtualCurrencyServerConnector.m; sourceTree = "<group>"; };
		3E6E1C37160B4ADE002A54A4 /* AdSupport.framework */ = {isa = PBXFileReference; lastKnownFileType = wrapper.framework; name = AdSupport.framework; path = System/Library/Frameworks/AdSupport.framework; sourceTree = SDKROOT; };
		3E6E1C3A160B706B002A54A4 /* JSON.h */ = {isa = PBXFileReference; fileEncoding = 4; lastKnownFileType = sourcecode.c.h; path = JSON.h; sourceTree = "<group>"; };
		3E6E1C3B160B706B002A54A4 /* LICENSE */ = {isa = PBXFileReference; fileEncoding = 4; lastKnownFileType = text; path = LICENSE; sourceTree = "<group>"; };
		3E6E1C3C160B706B002A54A4 /* NSObject+SBJson.h */ = {isa = PBXFileReference; fileEncoding = 4; lastKnownFileType = sourcecode.c.h; path = "NSObject+SBJson.h"; sourceTree = "<group>"; };
		3E6E1C3D160B706B002A54A4 /* NSObject+SBJson.m */ = {isa = PBXFileReference; fileEncoding = 4; lastKnownFileType = sourcecode.c.objc; path = "NSObject+SBJson.m"; sourceTree = "<group>"; };
		3E6E1C3E160B706B002A54A4 /* SBJson.h */ = {isa = PBXFileReference; fileEncoding = 4; lastKnownFileType = sourcecode.c.h; path = SBJson.h; sourceTree = "<group>"; };
		3E6E1C3F160B706B002A54A4 /* SBJsonParser.h */ = {isa = PBXFileReference; fileEncoding = 4; lastKnownFileType = sourcecode.c.h; path = SBJsonParser.h; sourceTree = "<group>"; };
		3E6E1C40160B706B002A54A4 /* SBJsonParser.m */ = {isa = PBXFileReference; fileEncoding = 4; lastKnownFileType = sourcecode.c.objc; path = SBJsonParser.m; sourceTree = "<group>"; };
		3E6E1C41160B706B002A54A4 /* SBJsonStreamParser.h */ = {isa = PBXFileReference; fileEncoding = 4; lastKnownFileType = sourcecode.c.h; path = SBJsonStreamParser.h; sourceTree = "<group>"; };
		3E6E1C42160B706B002A54A4 /* SBJsonStreamParser.m */ = {isa = PBXFileReference; fileEncoding = 4; lastKnownFileType = sourcecode.c.objc; path = SBJsonStreamParser.m; sourceTree = "<group>"; };
		3E6E1C43160B706B002A54A4 /* SBJsonStreamParserAccumulator.h */ = {isa = PBXFileReference; fileEncoding = 4; lastKnownFileType = sourcecode.c.h; path = SBJsonStreamParserAccumulator.h; sourceTree = "<group>"; };
		3E6E1C44160B706B002A54A4 /* SBJsonStreamParserAccumulator.m */ = {isa = PBXFileReference; fileEncoding = 4; lastKnownFileType = sourcecode.c.objc; path = SBJsonStreamParserAccumulator.m; sourceTree = "<group>"; };
		3E6E1C45160B706B002A54A4 /* SBJsonStreamParserAdapter.h */ = {isa = PBXFileReference; fileEncoding = 4; lastKnownFileType = sourcecode.c.h; path = SBJsonStreamParserAdapter.h; sourceTree = "<group>"; };
		3E6E1C46160B706B002A54A4 /* SBJsonStreamParserAdapter.m */ = {isa = PBXFileReference; fileEncoding = 4; lastKnownFileType = sourcecode.c.objc; path = SBJsonStreamParserAdapter.m; sourceTree = "<group>"; };
		3E6E1C47160B706B002A54A4 /* SBJsonStreamParserState.h */ = {isa = PBXFileReference; fileEncoding = 4; lastKnownFileType = sourcecode.c.h; path = SBJsonStreamParserState.h; sourceTree = "<group>"; };
		3E6E1C48160B706B002A54A4 /* SBJsonStreamParserState.m */ = {isa = PBXFileReference; fileEncoding = 4; lastKnownFileType = sourcecode.c.objc; path = SBJsonStreamParserState.m; sourceTree = "<group>"; };
		3E6E1C49160B706B002A54A4 /* SBJsonStreamWriter.h */ = {isa = PBXFileReference; fileEncoding = 4; lastKnownFileType = sourcecode.c.h; path = SBJsonStreamWriter.h; sourceTree = "<group>"; };
		3E6E1C4A160B706B002A54A4 /* SBJsonStreamWriter.m */ = {isa = PBXFileReference; fileEncoding = 4; lastKnownFileType = sourcecode.c.objc; path = SBJsonStreamWriter.m; sourceTree = "<group>"; };
		3E6E1C4B160B706B002A54A4 /* SBJsonStreamWriterAccumulator.h */ = {isa = PBXFileReference; fileEncoding = 4; lastKnownFileType = sourcecode.c.h; path = SBJsonStreamWriterAccumulator.h; sourceTree = "<group>"; };
		3E6E1C4C160B706B002A54A4 /* SBJsonStreamWriterAccumulator.m */ = {isa = PBXFileReference; fileEncoding = 4; lastKnownFileType = sourcecode.c.objc; path = SBJsonStreamWriterAccumulator.m; sourceTree = "<group>"; };
		3E6E1C4D160B706B002A54A4 /* SBJsonStreamWriterState.h */ = {isa = PBXFileReference; fileEncoding = 4; lastKnownFileType = sourcecode.c.h; path = SBJsonStreamWriterState.h; sourceTree = "<group>"; };
		3E6E1C4E160B706B002A54A4 /* SBJsonStreamWriterState.m */ = {isa = PBXFileReference; fileEncoding = 4; lastKnownFileType = sourcecode.c.objc; path = SBJsonStreamWriterState.m; sourceTree = "<group>"; };
		3E6E1C4F160B706B002A54A4 /* SBJsonTokeniser.h */ = {isa = PBXFileReference; fileEncoding = 4; lastKnownFileType = sourcecode.c.h; path = SBJsonTokeniser.h; sourceTree = "<group>"; };
		3E6E1C50160B706B002A54A4 /* SBJsonTokeniser.m */ = {isa = PBXFileReference; fileEncoding = 4; lastKnownFileType = sourcecode.c.objc; path = SBJsonTokeniser.m; sourceTree = "<group>"; };
		3E6E1C51160B706B002A54A4 /* SBJsonUTF8Stream.h */ = {isa = PBXFileReference; fileEncoding = 4; lastKnownFileType = sourcecode.c.h; path = SBJsonUTF8Stream.h; sourceTree = "<group>"; };
		3E6E1C52160B706B002A54A4 /* SBJsonUTF8Stream.m */ = {isa = PBXFileReference; fileEncoding = 4; lastKnownFileType = sourcecode.c.objc; path = SBJsonUTF8Stream.m; sourceTree = "<group>"; };
		3E6E1C53160B706B002A54A4 /* SBJsonWriter.h */ = {isa = PBXFileReference; fileEncoding = 4; lastKnownFileType = sourcecode.c.h; path = SBJsonWriter.h; sourceTree = "<group>"; };
		3E6E1C54160B706B002A54A4 /* SBJsonWriter.m */ = {isa = PBXFileReference; fileEncoding = 4; lastKnownFileType = sourcecode.c.objc; path = SBJsonWriter.m; sourceTree = "<group>"; };
		6331A72B1369C26900C17FEF /* SPAdvertiserManager.h */ = {isa = PBXFileReference; fileEncoding = 4; lastKnownFileType = sourcecode.c.h; path = SPAdvertiserManager.h; sourceTree = "<group>"; };
		6331A72C1369C26900C17FEF /* SPAdvertiserManager.m */ = {isa = PBXFileReference; fileEncoding = 4; lastKnownFileType = sourcecode.c.objc; path = SPAdvertiserManager.m; sourceTree = "<group>"; };
		6331A72D1369C26900C17FEF /* SPInterstitialViewController.h */ = {isa = PBXFileReference; fileEncoding = 4; lastKnownFileType = sourcecode.c.h; path = SPInterstitialViewController.h; sourceTree = "<group>"; };
		6331A72E1369C26900C17FEF /* SPInterstitialViewController.m */ = {isa = PBXFileReference; fileEncoding = 4; lastKnownFileType = sourcecode.c.objc; path = SPInterstitialViewController.m; sourceTree = "<group>"; };
		6331A7311369C26900C17FEF /* SPOfferWallViewController.h */ = {isa = PBXFileReference; fileEncoding = 4; lastKnownFileType = sourcecode.c.h; path = SPOfferWallViewController.h; sourceTree = "<group>"; };
		6331A7321369C26900C17FEF /* SPOfferWallViewController.m */ = {isa = PBXFileReference; fileEncoding = 4; lastKnownFileType = sourcecode.c.objc; path = SPOfferWallViewController.m; sourceTree = "<group>"; };
		633906D11664DEC800DC29C8 /* iToast.h */ = {isa = PBXFileReference; fileEncoding = 4; lastKnownFileType = sourcecode.c.h; path = iToast.h; sourceTree = "<group>"; };
		633906D21664DEC800DC29C8 /* iToast.m */ = {isa = PBXFileReference; fileEncoding = 4; lastKnownFileType = sourcecode.c.objc; path = iToast.m; sourceTree = "<group>"; };
		633906D71664DEC800DC29C8 /* CloseX.png */ = {isa = PBXFileReference; lastKnownFileType = image.png; path = CloseX.png; sourceTree = "<group>"; };
		633906DC1664DEF000DC29C8 /* SPBrandEngageClient.h */ = {isa = PBXFileReference; fileEncoding = 4; lastKnownFileType = sourcecode.c.h; path = SPBrandEngageClient.h; sourceTree = "<group>"; };
		633906DD1664DEF000DC29C8 /* SPBrandEngageClient.m */ = {isa = PBXFileReference; fileEncoding = 4; lastKnownFileType = sourcecode.c.objc; path = SPBrandEngageClient.m; sourceTree = "<group>"; };
		633906DE1664DEF000DC29C8 /* SPBrandEngageViewController.h */ = {isa = PBXFileReference; fileEncoding = 4; lastKnownFileType = sourcecode.c.h; path = SPBrandEngageViewController.h; sourceTree = "<group>"; };
		633906DF1664DEF000DC29C8 /* SPBrandEngageViewController.m */ = {isa = PBXFileReference; fileEncoding = 4; lastKnownFileType = sourcecode.c.objc; path = SPBrandEngageViewController.m; sourceTree = "<group>"; };
		633906E01664DEF000DC29C8 /* SPBrandEngageWebView.h */ = {isa = PBXFileReference; fileEncoding = 4; lastKnownFileType = sourcecode.c.h; path = SPBrandEngageWebView.h; sourceTree = "<group>"; };
		633906E11664DEF000DC29C8 /* SPBrandEngageWebView.m */ = {isa = PBXFileReference; fileEncoding = 4; lastKnownFileType = sourcecode.c.objc; path = SPBrandEngageWebView.m; sourceTree = "<group>"; };
		63512D36163589300005C5E1 /* SPAdvertisementViewController.h */ = {isa = PBXFileReference; fileEncoding = 4; lastKnownFileType = sourcecode.c.h; path = SPAdvertisementViewController.h; sourceTree = "<group>"; };
		63512D37163589300005C5E1 /* SPAdvertisementViewController.m */ = {isa = PBXFileReference; fileEncoding = 4; lastKnownFileType = sourcecode.c.objc; path = SPAdvertisementViewController.m; sourceTree = "<group>"; };
		6361F35D16B5A57B00DE2E1D /* SPTargetedNotificationFilter.h */ = {isa = PBXFileReference; fileEncoding = 4; lastKnownFileType = sourcecode.c.h; path = SPTargetedNotificationFilter.h; sourceTree = "<group>"; };
		6361F35E16B5A57B00DE2E1D /* SPTargetedNotificationFilter.m */ = {isa = PBXFileReference; fileEncoding = 4; lastKnownFileType = sourcecode.c.objc; path = SPTargetedNotificationFilter.m; sourceTree = "<group>"; };
		636D77A91653DD630002C443 /* SPCredentials.h */ = {isa = PBXFileReference; fileEncoding = 4; lastKnownFileType = sourcecode.c.h; path = SPCredentials.h; sourceTree = "<group>"; };
		636D77AA1653DD640002C443 /* SPCredentials.m */ = {isa = PBXFileReference; fileEncoding = 4; lastKnownFileType = sourcecode.c.objc; path = SPCredentials.m; sourceTree = "<group>"; };
		6374EEDB1694802E0003BBBF /* SPActionIdValidator.h */ = {isa = PBXFileReference; fileEncoding = 4; lastKnownFileType = sourcecode.c.h; path = SPActionIdValidator.h; sourceTree = "<group>"; };
		6374EEDC1694802E0003BBBF /* SPActionIdValidator.m */ = {isa = PBXFileReference; fileEncoding = 4; lastKnownFileType = sourcecode.c.objc; path = SPActionIdValidator.m; sourceTree = "<group>"; };
		6374EEE0169480AD0003BBBF /* SPCallbackSendingOperation.h */ = {isa = PBXFileReference; fileEncoding = 4; lastKnownFileType = sourcecode.c.h; path = SPCallbackSendingOperation.h; sourceTree = "<group>"; };
		6374EEE1169480AD0003BBBF /* SPCallbackSendingOperation.m */ = {isa = PBXFileReference; fileEncoding = 4; lastKnownFileType = sourcecode.c.objc; path = SPCallbackSendingOperation.m; sourceTree = "<group>"; };
		6374EEE41694813C0003BBBF /* OpenUDID.h */ = {isa = PBXFileReference; fileEncoding = 4; lastKnownFileType = sourcecode.c.h; name = OpenUDID.h; path = ParameterProviders/OpenUDID.h; sourceTree = "<group>"; };
		6374EEE51694813C0003BBBF /* OpenUDID.m */ = {isa = PBXFileReference; fileEncoding = 4; lastKnownFileType = sourcecode.c.objc; name = OpenUDID.m; path = ParameterProviders/OpenUDID.m; sourceTree = "<group>"; };
		6374EEE61694813C0003BBBF /* SecureUDID.h */ = {isa = PBXFileReference; fileEncoding = 4; lastKnownFileType = sourcecode.c.h; name = SecureUDID.h; path = ParameterProviders/SecureUDID.h; sourceTree = "<group>"; };
		6374EEE71694813C0003BBBF /* SecureUDID.m */ = {isa = PBXFileReference; fileEncoding = 4; lastKnownFileType = sourcecode.c.objc; name = SecureUDID.m; path = ParameterProviders/SecureUDID.m; sourceTree = "<group>"; };
		6374EEE81694813C0003BBBF /* SPAppleAdvertiserIDProvider.h */ = {isa = PBXFileReference; fileEncoding = 4; lastKnownFileType = sourcecode.c.h; name = SPAppleAdvertiserIDProvider.h; path = ParameterProviders/SPAppleAdvertiserIDProvider.h; sourceTree = "<group>"; };
		6374EEE91694813C0003BBBF /* SPAppleAdvertiserIDProvider.m */ = {isa = PBXFileReference; fileEncoding = 4; lastKnownFileType = sourcecode.c.objc; name = SPAppleAdvertiserIDProvider.m; path = ParameterProviders/SPAppleAdvertiserIDProvider.m; sourceTree = "<group>"; };
		6374EEEA1694813C0003BBBF /* SPHostAppBundleParametersProvider.h */ = {isa = PBXFileReference; fileEncoding = 4; lastKnownFileType = sourcecode.c.h; name = SPHostAppBundleParametersProvider.h; path = ParameterProviders/SPHostAppBundleParametersProvider.h; sourceTree = "<group>"; };
		6374EEEB1694813C0003BBBF /* SPHostAppBundleParametersProvider.m */ = {isa = PBXFileReference; fileEncoding = 4; lastKnownFileType = sourcecode.c.objc; name = SPHostAppBundleParametersProvider.m; path = ParameterProviders/SPHostAppBundleParametersProvider.m; sourceTree = "<group>"; };
		6374EEEC1694813C0003BBBF /* SPJailbreakStatusProvider.h */ = {isa = PBXFileReference; fileEncoding = 4; lastKnownFileType = sourcecode.c.h; name = SPJailbreakStatusProvider.h; path = ParameterProviders/SPJailbreakStatusProvider.h; sourceTree = "<group>"; };
		6374EEED1694813C0003BBBF /* SPJailbreakStatusProvider.m */ = {isa = PBXFileReference; fileEncoding = 4; lastKnownFileType = sourcecode.c.objc; name = SPJailbreakStatusProvider.m; path = ParameterProviders/SPJailbreakStatusProvider.m; sourceTree = "<group>"; };
		6374EEEE1694813C0003BBBF /* SPLocaleParametersProvider.h */ = {isa = PBXFileReference; fileEncoding = 4; lastKnownFileType = sourcecode.c.h; name = SPLocaleParametersProvider.h; path = ParameterProviders/SPLocaleParametersProvider.h; sourceTree = "<group>"; };
		6374EEEF1694813C0003BBBF /* SPLocaleParametersProvider.m */ = {isa = PBXFileReference; fileEncoding = 4; lastKnownFileType = sourcecode.c.objc; name = SPLocaleParametersProvider.m; path = ParameterProviders/SPLocaleParametersProvider.m; sourceTree = "<group>"; };
		6374EEF01694813C0003BBBF /* SPMacAddressProvider.h */ = {isa = PBXFileReference; fileEncoding = 4; lastKnownFileType = sourcecode.c.h; name = SPMacAddressProvider.h; path = ParameterProviders/SPMacAddressProvider.h; sourceTree = "<group>"; };
		6374EEF11694813C0003BBBF /* SPMacAddressProvider.m */ = {isa = PBXFileReference; fileEncoding = 4; lastKnownFileType = sourcecode.c.objc; name = SPMacAddressProvider.m; path = ParameterProviders/SPMacAddressProvider.m; sourceTree = "<group>"; };
		6374EEF21694813C0003BBBF /* SPMD5MacAddressProvider.h */ = {isa = PBXFileReference; fileEncoding = 4; lastKnownFileType = sourcecode.c.h; name = SPMD5MacAddressProvider.h; path = ParameterProviders/SPMD5MacAddressProvider.h; sourceTree = "<group>"; };
		6374EEF31694813C0003BBBF /* SPMD5MacAddressProvider.m */ = {isa = PBXFileReference; fileEncoding = 4; lastKnownFileType = sourcecode.c.objc; name = SPMD5MacAddressProvider.m; path = ParameterProviders/SPMD5MacAddressProvider.m; sourceTree = "<group>"; };
		6374EEF41694813C0003BBBF /* SPNetworkParametersProvider.h */ = {isa = PBXFileReference; fileEncoding = 4; lastKnownFileType = sourcecode.c.h; name = SPNetworkParametersProvider.h; path = ParameterProviders/SPNetworkParametersProvider.h; sourceTree = "<group>"; };
		6374EEF51694813C0003BBBF /* SPNetworkParametersProvider.m */ = {isa = PBXFileReference; fileEncoding = 4; lastKnownFileType = sourcecode.c.objc; name = SPNetworkParametersProvider.m; path = ParameterProviders/SPNetworkParametersProvider.m; sourceTree = "<group>"; };
		6374EEF61694813C0003BBBF /* SPOpenUDIDProvider.h */ = {isa = PBXFileReference; fileEncoding = 4; lastKnownFileType = sourcecode.c.h; name = SPOpenUDIDProvider.h; path = ParameterProviders/SPOpenUDIDProvider.h; sourceTree = "<group>"; };
		6374EEF71694813C0003BBBF /* SPOpenUDIDProvider.m */ = {isa = PBXFileReference; fileEncoding = 4; lastKnownFileType = sourcecode.c.objc; name = SPOpenUDIDProvider.m; path = ParameterProviders/SPOpenUDIDProvider.m; sourceTree = "<group>"; };
		6374EEF81694813C0003BBBF /* SPScreenMetricsProvider.h */ = {isa = PBXFileReference; fileEncoding = 4; lastKnownFileType = sourcecode.c.h; name = SPScreenMetricsProvider.h; path = ParameterProviders/SPScreenMetricsProvider.h; sourceTree = "<group>"; };
		6374EEF91694813C0003BBBF /* SPScreenMetricsProvider.m */ = {isa = PBXFileReference; fileEncoding = 4; lastKnownFileType = sourcecode.c.objc; name = SPScreenMetricsProvider.m; path = ParameterProviders/SPScreenMetricsProvider.m; sourceTree = "<group>"; };
		6374EEFA1694813C0003BBBF /* SPSDKVersionProvider.h */ = {isa = PBXFileReference; fileEncoding = 4; lastKnownFileType = sourcecode.c.h; name = SPSDKVersionProvider.h; path = ParameterProviders/SPSDKVersionProvider.h; sourceTree = "<group>"; };
		6374EEFB1694813C0003BBBF /* SPSDKVersionProvider.m */ = {isa = PBXFileReference; fileEncoding = 4; lastKnownFileType = sourcecode.c.objc; name = SPSDKVersionProvider.m; path = ParameterProviders/SPSDKVersionProvider.m; sourceTree = "<group>"; };
		6374EEFC1694813C0003BBBF /* SPSecureUDIDProvider.h */ = {isa = PBXFileReference; fileEncoding = 4; lastKnownFileType = sourcecode.c.h; name = SPSecureUDIDProvider.h; path = ParameterProviders/SPSecureUDIDProvider.h; sourceTree = "<group>"; };
		6374EEFD1694813C0003BBBF /* SPSecureUDIDProvider.m */ = {isa = PBXFileReference; fileEncoding = 4; lastKnownFileType = sourcecode.c.objc; name = SPSecureUDIDProvider.m; path = ParameterProviders/SPSecureUDIDProvider.m; sourceTree = "<group>"; };
		6374EEFE1694813C0003BBBF /* SPSHA1MacAddressProvider.h */ = {isa = PBXFileReference; fileEncoding = 4; lastKnownFileType = sourcecode.c.h; name = SPSHA1MacAddressProvider.h; path = ParameterProviders/SPSHA1MacAddressProvider.h; sourceTree = "<group>"; };
		6374EEFF1694813C0003BBBF /* SPSHA1MacAddressProvider.m */ = {isa = PBXFileReference; fileEncoding = 4; lastKnownFileType = sourcecode.c.objc; name = SPSHA1MacAddressProvider.m; path = ParameterProviders/SPSHA1MacAddressProvider.m; sourceTree = "<group>"; };
		6374EF001694813C0003BBBF /* SPSystemParametersProvider.h */ = {isa = PBXFileReference; fileEncoding = 4; lastKnownFileType = sourcecode.c.h; name = SPSystemParametersProvider.h; path = ParameterProviders/SPSystemParametersProvider.h; sourceTree = "<group>"; };
		6374EF011694813C0003BBBF /* SPSystemParametersProvider.m */ = {isa = PBXFileReference; fileEncoding = 4; lastKnownFileType = sourcecode.c.objc; name = SPSystemParametersProvider.m; path = ParameterProviders/SPSystemParametersProvider.m; sourceTree = "<group>"; };
		6374EF041694813C0003BBBF /* SPUrlParametersProvider.h */ = {isa = PBXFileReference; fileEncoding = 4; lastKnownFileType = sourcecode.c.h; name = SPUrlParametersProvider.h; path = ParameterProviders/SPUrlParametersProvider.h; sourceTree = "<group>"; };
		637B219B165A49E20072560F /* SPAdvertisementViewControllerSubclass.h */ = {isa = PBXFileReference; fileEncoding = 4; lastKnownFileType = sourcecode.c.h; path = SPAdvertisementViewControllerSubclass.h; sourceTree = "<group>"; };
		638C811916524C0800AA8322 /* SponsorPaySDK.h */ = {isa = PBXFileReference; fileEncoding = 4; lastKnownFileType = sourcecode.c.h; path = SponsorPaySDK.h; sourceTree = "<group>"; };
		638C811A16524C0800AA8322 /* SponsorPaySDK.m */ = {isa = PBXFileReference; fileEncoding = 4; lastKnownFileType = sourcecode.c.objc; path = SponsorPaySDK.m; sourceTree = "<group>"; };
		63950FA21652995C00983821 /* SPAdvertisementViewController_SDKPrivate.h */ = {isa = PBXFileReference; fileEncoding = 4; lastKnownFileType = sourcecode.c.h; path = SPAdvertisementViewController_SDKPrivate.h; sourceTree = "<group>"; };
		63950FA316529EF100983821 /* SPVirtualCurrencyServerConnector_SDKPrivate.h */ = {isa = PBXFileReference; lastKnownFileType = sourcecode.c.h; path = SPVirtualCurrencyServerConnector_SDKPrivate.h; sourceTree = "<group>"; };
		6395802213B0E3DF0024ABE7 /* Entitlements.plist */ = {isa = PBXFileReference; fileEncoding = 4; lastKnownFileType = text.plist.xml; path = Entitlements.plist; sourceTree = "<group>"; };
		6396874E16A46BCF00715D14 /* dvsup_@2X.png */ = {isa = PBXFileReference; lastKnownFileType = image.png; path = "dvsup_@2X.png"; sourceTree = "<group>"; };
		6396874F16A46BCF00715D14 /* dvsup.png */ = {isa = PBXFileReference; lastKnownFileType = image.png; path = dvsup.png; sourceTree = "<group>"; };
		6396875216A46D0E00715D14 /* lined_paper_@2X.png */ = {isa = PBXFileReference; lastKnownFileType = image.png; path = "lined_paper_@2X.png"; sourceTree = "<group>"; };
		6396875316A46D0E00715D14 /* lined_paper.png */ = {isa = PBXFileReference; lastKnownFileType = image.png; path = lined_paper.png; sourceTree = "<group>"; };
		6399DCD816A4338300C81A97 /* SPLogViewController.h */ = {isa = PBXFileReference; fileEncoding = 4; lastKnownFileType = sourcecode.c.h; path = SPLogViewController.h; sourceTree = "<group>"; };
		6399DCD916A4338300C81A97 /* SPLogViewController.m */ = {isa = PBXFileReference; fileEncoding = 4; lastKnownFileType = sourcecode.c.objc; path = SPLogViewController.m; sourceTree = "<group>"; };
		6399DCDA16A4338400C81A97 /* SPLogViewController.xib */ = {isa = PBXFileReference; fileEncoding = 4; lastKnownFileType = file.xib; path = SPLogViewController.xib; sourceTree = "<group>"; };
		63AE1DAE16A34ADB0099FB37 /* SPBrandEngageClient_SDKPrivate.h */ = {isa = PBXFileReference; fileEncoding = 4; lastKnownFileType = sourcecode.c.h; path = SPBrandEngageClient_SDKPrivate.h; sourceTree = "<group>"; };
		63AE1DB316A379290099FB37 /* SPStartSDKViewController.h */ = {isa = PBXFileReference; fileEncoding = 4; lastKnownFileType = sourcecode.c.h; path = SPStartSDKViewController.h; sourceTree = "<group>"; };
		63AE1DB416A379290099FB37 /* SPStartSDKViewController.m */ = {isa = PBXFileReference; fileEncoding = 4; lastKnownFileType = sourcecode.c.objc; path = SPStartSDKViewController.m; sourceTree = "<group>"; };
		63AE1DB516A3792A0099FB37 /* SPStartSDKViewController.xib */ = {isa = PBXFileReference; fileEncoding = 4; lastKnownFileType = file.xib; path = SPStartSDKViewController.xib; sourceTree = "<group>"; };
		63B548C0163012DB00838580 /* SPSchemeParser.h */ = {isa = PBXFileReference; fileEncoding = 4; lastKnownFileType = sourcecode.c.h; name = SPSchemeParser.h; path = "sponsorpay-sdk/SPSchemeParser.h"; sourceTree = SOURCE_ROOT; };
		63B548C1163012DB00838580 /* SPSchemeParser.m */ = {isa = PBXFileReference; fileEncoding = 4; lastKnownFileType = sourcecode.c.objc; name = SPSchemeParser.m; path = "sponsorpay-sdk/SPSchemeParser.m"; sourceTree = SOURCE_ROOT; };
		63C740F517283E2100849205 /* SPReachability.h */ = {isa = PBXFileReference; fileEncoding = 4; lastKnownFileType = sourcecode.c.h; path = SPReachability.h; sourceTree = "<group>"; };
		63C740F617283E2100849205 /* SPReachability.m */ = {isa = PBXFileReference; fileEncoding = 4; lastKnownFileType = sourcecode.c.objc; path = SPReachability.m; sourceTree = "<group>"; };
		63D46CA71698D19800507110 /* Default-568h@2x.png */ = {isa = PBXFileReference; lastKnownFileType = image.png; path = "Default-568h@2x.png"; sourceTree = "<group>"; };
		63D6F9EA1458131100DCB268 /* SPAppIdValidator.h */ = {isa = PBXFileReference; fileEncoding = 4; lastKnownFileType = sourcecode.c.h; path = SPAppIdValidator.h; sourceTree = "<group>"; };
		63D6F9EB1458131100DCB268 /* SPAppIdValidator.m */ = {isa = PBXFileReference; fileEncoding = 4; lastKnownFileType = sourcecode.c.objc; path = SPAppIdValidator.m; sourceTree = "<group>"; };
		63DE047B144594100096F965 /* SPLoadingIndicator.h */ = {isa = PBXFileReference; fileEncoding = 4; lastKnownFileType = sourcecode.c.h; path = SPLoadingIndicator.h; sourceTree = "<group>"; };
		63DE047C144594100096F965 /* SPLoadingIndicator.m */ = {isa = PBXFileReference; fileEncoding = 4; lastKnownFileType = sourcecode.c.objc; path = SPLoadingIndicator.m; sourceTree = "<group>"; };
		63DE5B5D16A401E10094A251 /* SPTestAppBaseViewController.h */ = {isa = PBXFileReference; fileEncoding = 4; lastKnownFileType = sourcecode.c.h; path = SPTestAppBaseViewController.h; sourceTree = "<group>"; };
		63DE5B5E16A401E10094A251 /* SPTestAppBaseViewController.m */ = {isa = PBXFileReference; fileEncoding = 4; lastKnownFileType = sourcecode.c.objc; path = SPTestAppBaseViewController.m; sourceTree = "<group>"; };
		63DE5B6116A4034A0094A251 /* SPOfferWallInterstitialViewController.h */ = {isa = PBXFileReference; fileEncoding = 4; lastKnownFileType = sourcecode.c.h; path = SPOfferWallInterstitialViewController.h; sourceTree = "<group>"; };
		63DE5B6216A4034A0094A251 /* SPOfferWallInterstitialViewController.m */ = {isa = PBXFileReference; fileEncoding = 4; lastKnownFileType = sourcecode.c.objc; path = SPOfferWallInterstitialViewController.m; sourceTree = "<group>"; };
		63DE5B6316A4034A0094A251 /* SPOfferWallInterstitialViewController.xib */ = {isa = PBXFileReference; fileEncoding = 4; lastKnownFileType = file.xib; path = SPOfferWallInterstitialViewController.xib; sourceTree = "<group>"; };
		63DE5B6616A40EB40094A251 /* SPVCSViewController.h */ = {isa = PBXFileReference; fileEncoding = 4; lastKnownFileType = sourcecode.c.h; path = SPVCSViewController.h; sourceTree = "<group>"; };
		63DE5B6716A40EB40094A251 /* SPVCSViewController.m */ = {isa = PBXFileReference; fileEncoding = 4; lastKnownFileType = sourcecode.c.objc; path = SPVCSViewController.m; sourceTree = "<group>"; };
		63DE5B6816A40EB40094A251 /* SPVCSViewController.xib */ = {isa = PBXFileReference; fileEncoding = 4; lastKnownFileType = file.xib; path = SPVCSViewController.xib; sourceTree = "<group>"; };
		63DE5B6B16A411D20094A251 /* SPCPEActionsViewController.h */ = {isa = PBXFileReference; fileEncoding = 4; lastKnownFileType = sourcecode.c.h; path = SPCPEActionsViewController.h; sourceTree = "<group>"; };
		63DE5B6C16A411D20094A251 /* SPCPEActionsViewController.m */ = {isa = PBXFileReference; fileEncoding = 4; lastKnownFileType = sourcecode.c.objc; path = SPCPEActionsViewController.m; sourceTree = "<group>"; };
		63DE5B6D16A411D20094A251 /* SPCPEActionsViewController.xib */ = {isa = PBXFileReference; fileEncoding = 4; lastKnownFileType = file.xib; path = SPCPEActionsViewController.xib; sourceTree = "<group>"; };
		63DE5B7016A412E20094A251 /* SPMBEViewController.h */ = {isa = PBXFileReference; fileEncoding = 4; lastKnownFileType = sourcecode.c.h; path = SPMBEViewController.h; sourceTree = "<group>"; };
		63DE5B7116A412E20094A251 /* SPMBEViewController.m */ = {isa = PBXFileReference; fileEncoding = 4; lastKnownFileType = sourcecode.c.objc; path = SPMBEViewController.m; sourceTree = "<group>"; };
		63DE5B7216A412E30094A251 /* SPMBEViewController.xib */ = {isa = PBXFileReference; fileEncoding = 4; lastKnownFileType = file.xib; path = SPMBEViewController.xib; sourceTree = "<group>"; };
		63E3EBD314332CB20083D0C8 /* SPPersistence.h */ = {isa = PBXFileReference; fileEncoding = 4; lastKnownFileType = sourcecode.c.h; path = SPPersistence.h; sourceTree = "<group>"; };
		63E3EBD414332CB20083D0C8 /* SPPersistence.m */ = {isa = PBXFileReference; fileEncoding = 4; lastKnownFileType = sourcecode.c.objc; path = SPPersistence.m; sourceTree = "<group>"; };
		63E99C5A13729C8F00AEA012 /* SP_SDK_versions.h */ = {isa = PBXFileReference; fileEncoding = 4; lastKnownFileType = sourcecode.c.h; path = SP_SDK_versions.h; sourceTree = "<group>"; };
		63E99C5B1372B09A00AEA012 /* SP_URL_scheme.h */ = {isa = PBXFileReference; fileEncoding = 4; lastKnownFileType = sourcecode.c.h; path = SP_URL_scheme.h; sourceTree = "<group>"; };
		63EB0A96134C535A001DC807 /* main.m */ = {isa = PBXFileReference; fileEncoding = 4; lastKnownFileType = sourcecode.c.objc; path = main.m; sourceTree = "<group>"; };
		63F1A9CA164C0C6200DAC17A /* CoreImage.framework */ = {isa = PBXFileReference; lastKnownFileType = wrapper.framework; name = CoreImage.framework; path = System/Library/Frameworks/CoreImage.framework; sourceTree = SDKROOT; };
		63F1A9CC164C0D1100DAC17A /* QuartzCore.framework */ = {isa = PBXFileReference; lastKnownFileType = wrapper.framework; name = QuartzCore.framework; path = System/Library/Frameworks/QuartzCore.framework; sourceTree = SDKROOT; };
		8D1107310486CEB800E47090 /* SponsorPaySample-Info.plist */ = {isa = PBXFileReference; fileEncoding = 4; lastKnownFileType = text.plist.xml; path = "SponsorPaySample-Info.plist"; plistStructureDefinitionIdentifier = "com.apple.xcode.plist.structure-definition.iphone.info-plist"; sourceTree = "<group>"; };
/* End PBXFileReference section */

/* Begin PBXFrameworksBuildPhase section */
		1D60588F0D05DD3D006BFB54 /* Frameworks */ = {
			isa = PBXFrameworksBuildPhase;
			buildActionMask = 2147483647;
			files = (
				633906E51664E2A900DC29C8 /* CoreGraphics.framework in Frameworks */,
				3E6E1C38160B4ADE002A54A4 /* AdSupport.framework in Frameworks */,
				3E1882CB15ECCCD10021DFBC /* SystemConfiguration.framework in Frameworks */,
				3E1882C915ECCC700021DFBC /* CoreTelephony.framework in Frameworks */,
				63CE2A6015474B5B002FEB6D /* UIKit.framework in Frameworks */,
				1D60589F0D05DD5A006BFB54 /* Foundation.framework in Frameworks */,
			);
			runOnlyForDeploymentPostprocessing = 0;
		};
/* End PBXFrameworksBuildPhase section */

/* Begin PBXGroup section */
		080E96DDFE201D6D7F000001 /* Classes */ = {
			isa = PBXGroup;
			children = (
				6331A7261369C26900C17FEF /* sponsorpay-sdk */,
				1D3623240D0F684500981E51 /* SPSampleAppDelegate.h */,
				1D3623250D0F684500981E51 /* SPSampleAppDelegate.m */,
				3E04C32D1603631700AB610E /* SPCustomParamsUtil.h */,
				3E04C32E1603631700AB610E /* SPCustomParamsUtil.m */,
				3E04C32316035AE700AB610E /* SPSettingsViewController.h */,
				3E04C32416035AE700AB610E /* SPSettingsViewController.m */,
				63AE1DB316A379290099FB37 /* SPStartSDKViewController.h */,
				63AE1DB416A379290099FB37 /* SPStartSDKViewController.m */,
				63AE1DB516A3792A0099FB37 /* SPStartSDKViewController.xib */,
				63DE5B5D16A401E10094A251 /* SPTestAppBaseViewController.h */,
				63DE5B5E16A401E10094A251 /* SPTestAppBaseViewController.m */,
				63DE5B6116A4034A0094A251 /* SPOfferWallInterstitialViewController.h */,
				63DE5B6216A4034A0094A251 /* SPOfferWallInterstitialViewController.m */,
				63DE5B6316A4034A0094A251 /* SPOfferWallInterstitialViewController.xib */,
				63DE5B6616A40EB40094A251 /* SPVCSViewController.h */,
				63DE5B6716A40EB40094A251 /* SPVCSViewController.m */,
				63DE5B6816A40EB40094A251 /* SPVCSViewController.xib */,
				63DE5B6B16A411D20094A251 /* SPCPEActionsViewController.h */,
				63DE5B6C16A411D20094A251 /* SPCPEActionsViewController.m */,
				63DE5B6D16A411D20094A251 /* SPCPEActionsViewController.xib */,
				63DE5B7016A412E20094A251 /* SPMBEViewController.h */,
				63DE5B7116A412E20094A251 /* SPMBEViewController.m */,
				63DE5B7216A412E30094A251 /* SPMBEViewController.xib */,
				6399DCD816A4338300C81A97 /* SPLogViewController.h */,
				6399DCD916A4338300C81A97 /* SPLogViewController.m */,
				6399DCDA16A4338400C81A97 /* SPLogViewController.xib */,
			);
			path = Classes;
			sourceTree = "<group>";
		};
		19C28FACFE9D520D11CA2CBB /* Products */ = {
			isa = PBXGroup;
			children = (
				1D6058910D05DD3D006BFB54 /* SponsorPaySample.app */,
			);
			name = Products;
			sourceTree = "<group>";
		};
		29B97314FDCFA39411CA2CEA /* CustomTemplate */ = {
			isa = PBXGroup;
			children = (
				63D46CA71698D19800507110 /* Default-568h@2x.png */,
				6395802213B0E3DF0024ABE7 /* Entitlements.plist */,
				080E96DDFE201D6D7F000001 /* Classes */,
				29B97315FDCFA39411CA2CEA /* Other Sources */,
				29B97317FDCFA39411CA2CEA /* Resources */,
				29B97323FDCFA39411CA2CEA /* Frameworks */,
				19C28FACFE9D520D11CA2CBB /* Products */,
			);
			name = CustomTemplate;
			sourceTree = "<group>";
		};
		29B97315FDCFA39411CA2CEA /* Other Sources */ = {
			isa = PBXGroup;
			children = (
				63EB0A96134C535A001DC807 /* main.m */,
				32CA4F630368D1EE00C91783 /* SponsorPaySample_Prefix.pch */,
			);
			name = "Other Sources";
			sourceTree = "<group>";
		};
		29B97317FDCFA39411CA2CEA /* Resources */ = {
			isa = PBXGroup;
			children = (
				6399DCEC16A45B6F00C81A97 /* patterns */,
				3E4E2B50160A1FCC00CA3A2D /* Icon.png */,
				3E4E2B51160A1FCC00CA3A2D /* Icon@2x.png */,
				3E312160160390700069F7AF /* settings.png */,
				3E04C32516035AE800AB610E /* SPSettingsViewController.xib */,
				28AD733E0D9D9553002E5188 /* MainWindow.xib */,
				8D1107310486CEB800E47090 /* SponsorPaySample-Info.plist */,
			);
			name = Resources;
			sourceTree = "<group>";
		};
		29B97323FDCFA39411CA2CEA /* Frameworks */ = {
			isa = PBXGroup;
			children = (
				63F1A9CC164C0D1100DAC17A /* QuartzCore.framework */,
				63F1A9CA164C0C6200DAC17A /* CoreImage.framework */,
				3E6E1C37160B4ADE002A54A4 /* AdSupport.framework */,
				3E1882CA15ECCCD10021DFBC /* SystemConfiguration.framework */,
				3E1882C815ECCC700021DFBC /* CoreTelephony.framework */,
				1DF5F4DF0D08C38300B7A737 /* UIKit.framework */,
				1D30AB110D05D00D00671497 /* Foundation.framework */,
				288765A40DF7441C002DB57D /* CoreGraphics.framework */,
				310b3f2360206329a21f6ce5 /* CFNetwork.framework */,
			);
			name = Frameworks;
			sourceTree = "<group>";
		};
		3E1882AA15ECCA110021DFBC /* URL Generation */ = {
			isa = PBXGroup;
			children = (
				63F0698F1642B90000DA8377 /* ParameterProviders */,
				3E1882B115ECCA110021DFBC /* SPSignature.h */,
				3E1882B215ECCA110021DFBC /* SPSignature.m */,
				3E1882B315ECCA110021DFBC /* SPURLGenerator.h */,
				3E1882B415ECCA110021DFBC /* SPURLGenerator.m */,
			);
			path = "URL Generation";
			sourceTree = "<group>";
		};
		3E1882BD15ECCB0C0021DFBC /* Categories */ = {
			isa = PBXGroup;
			children = (
				3E1882BE15ECCB0C0021DFBC /* NSString+SPURLEncoding.h */,
				3E1882BF15ECCB0C0021DFBC /* NSString+SPURLEncoding.m */,
				3E1882C015ECCB0C0021DFBC /* NSURL+SPParametersParsing.h */,
				3E1882C115ECCB0C0021DFBC /* NSURL+SPParametersParsing.m */,
			);
			path = Categories;
			sourceTree = "<group>";
		};
		3E1882C415ECCB1D0021DFBC /* Utils */ = {
			isa = PBXGroup;
			children = (
				3E1882C515ECCB1D0021DFBC /* SPLogger.h */,
				3E1882C615ECCB1D0021DFBC /* SPLogger.m */,
			);
			path = Utils;
			sourceTree = "<group>";
		};
		3E6E1BE3160B4627002A54A4 /* VCS */ = {
			isa = PBXGroup;
			children = (
				3E6E1C39160B706B002A54A4 /* SBJson */,
				3E6E1BFF160B4627002A54A4 /* SPVirtualCurrencyServerConnector.h */,
				3E6E1C00160B4627002A54A4 /* SPVirtualCurrencyServerConnector.m */,
				63950FA316529EF100983821 /* SPVirtualCurrencyServerConnector_SDKPrivate.h */,
			);
			path = VCS;
			sourceTree = "<group>";
		};
		3E6E1C39160B706B002A54A4 /* SBJson */ = {
			isa = PBXGroup;
			children = (
				3E6E1C3A160B706B002A54A4 /* JSON.h */,
				3E6E1C3B160B706B002A54A4 /* LICENSE */,
				3E6E1C3C160B706B002A54A4 /* NSObject+SBJson.h */,
				3E6E1C3D160B706B002A54A4 /* NSObject+SBJson.m */,
				3E6E1C3E160B706B002A54A4 /* SBJson.h */,
				3E6E1C3F160B706B002A54A4 /* SBJsonParser.h */,
				3E6E1C40160B706B002A54A4 /* SBJsonParser.m */,
				3E6E1C41160B706B002A54A4 /* SBJsonStreamParser.h */,
				3E6E1C42160B706B002A54A4 /* SBJsonStreamParser.m */,
				3E6E1C43160B706B002A54A4 /* SBJsonStreamParserAccumulator.h */,
				3E6E1C44160B706B002A54A4 /* SBJsonStreamParserAccumulator.m */,
				3E6E1C45160B706B002A54A4 /* SBJsonStreamParserAdapter.h */,
				3E6E1C46160B706B002A54A4 /* SBJsonStreamParserAdapter.m */,
				3E6E1C47160B706B002A54A4 /* SBJsonStreamParserState.h */,
				3E6E1C48160B706B002A54A4 /* SBJsonStreamParserState.m */,
				3E6E1C49160B706B002A54A4 /* SBJsonStreamWriter.h */,
				3E6E1C4A160B706B002A54A4 /* SBJsonStreamWriter.m */,
				3E6E1C4B160B706B002A54A4 /* SBJsonStreamWriterAccumulator.h */,
				3E6E1C4C160B706B002A54A4 /* SBJsonStreamWriterAccumulator.m */,
				3E6E1C4D160B706B002A54A4 /* SBJsonStreamWriterState.h */,
				3E6E1C4E160B706B002A54A4 /* SBJsonStreamWriterState.m */,
				3E6E1C4F160B706B002A54A4 /* SBJsonTokeniser.h */,
				3E6E1C50160B706B002A54A4 /* SBJsonTokeniser.m */,
				3E6E1C51160B706B002A54A4 /* SBJsonUTF8Stream.h */,
				3E6E1C52160B706B002A54A4 /* SBJsonUTF8Stream.m */,
				3E6E1C53160B706B002A54A4 /* SBJsonWriter.h */,
				3E6E1C54160B706B002A54A4 /* SBJsonWriter.m */,
			);
			path = SBJson;
			sourceTree = "<group>";
		};
		6331A7261369C26900C17FEF /* sponsorpay-sdk */ = {
			isa = PBXGroup;
			children = (
				633906DC1664DEF000DC29C8 /* SPBrandEngageClient.h */,
				63AE1DAE16A34ADB0099FB37 /* SPBrandEngageClient_SDKPrivate.h */,
				633906DD1664DEF000DC29C8 /* SPBrandEngageClient.m */,
				633906DE1664DEF000DC29C8 /* SPBrandEngageViewController.h */,
				633906DF1664DEF000DC29C8 /* SPBrandEngageViewController.m */,
				633906E01664DEF000DC29C8 /* SPBrandEngageWebView.h */,
				633906E11664DEF000DC29C8 /* SPBrandEngageWebView.m */,
				633906D01664DEC800DC29C8 /* iToast */,
				633906D31664DEC800DC29C8 /* Reachability */,
				633906D61664DEC800DC29C8 /* Resources */,
				3E1882C415ECCB1D0021DFBC /* Utils */,
				3E1882BD15ECCB0C0021DFBC /* Categories */,
				3E1882AA15ECCA110021DFBC /* URL Generation */,
				3E6E1BE3160B4627002A54A4 /* VCS */,
				638C811916524C0800AA8322 /* SponsorPaySDK.h */,
				638C811A16524C0800AA8322 /* SponsorPaySDK.m */,
				636D77A91653DD630002C443 /* SPCredentials.h */,
				636D77AA1653DD640002C443 /* SPCredentials.m */,
				6374EEDB1694802E0003BBBF /* SPActionIdValidator.h */,
				6374EEDC1694802E0003BBBF /* SPActionIdValidator.m */,
				6331A72B1369C26900C17FEF /* SPAdvertiserManager.h */,
				6331A72C1369C26900C17FEF /* SPAdvertiserManager.m */,
				6374EEE0169480AD0003BBBF /* SPCallbackSendingOperation.h */,
				6374EEE1169480AD0003BBBF /* SPCallbackSendingOperation.m */,
				63512D36163589300005C5E1 /* SPAdvertisementViewController.h */,
				63950FA21652995C00983821 /* SPAdvertisementViewController_SDKPrivate.h */,
				637B219B165A49E20072560F /* SPAdvertisementViewControllerSubclass.h */,
				63512D37163589300005C5E1 /* SPAdvertisementViewController.m */,
				6331A7311369C26900C17FEF /* SPOfferWallViewController.h */,
				6331A7321369C26900C17FEF /* SPOfferWallViewController.m */,
				6331A72D1369C26900C17FEF /* SPInterstitialViewController.h */,
				6331A72E1369C26900C17FEF /* SPInterstitialViewController.m */,
				63DE047B144594100096F965 /* SPLoadingIndicator.h */,
				63DE047C144594100096F965 /* SPLoadingIndicator.m */,
				63B548C0163012DB00838580 /* SPSchemeParser.h */,
				63B548C1163012DB00838580 /* SPSchemeParser.m */,
				63E99C5A13729C8F00AEA012 /* SP_SDK_versions.h */,
				63E99C5B1372B09A00AEA012 /* SP_URL_scheme.h */,
				63E3EBD314332CB20083D0C8 /* SPPersistence.h */,
				63E3EBD414332CB20083D0C8 /* SPPersistence.m */,
				63D6F9EA1458131100DCB268 /* SPAppIdValidator.h */,
				63D6F9EB1458131100DCB268 /* SPAppIdValidator.m */,
				6361F35D16B5A57B00DE2E1D /* SPTargetedNotificationFilter.h */,
				6361F35E16B5A57B00DE2E1D /* SPTargetedNotificationFilter.m */,
			);
			path = "sponsorpay-sdk";
			sourceTree = SOURCE_ROOT;
		};
		633906D01664DEC800DC29C8 /* iToast */ = {
			isa = PBXGroup;
			children = (
				633906D11664DEC800DC29C8 /* iToast.h */,
				633906D21664DEC800DC29C8 /* iToast.m */,
			);
			path = iToast;
			sourceTree = "<group>";
		};
		633906D31664DEC800DC29C8 /* Reachability */ = {
			isa = PBXGroup;
			children = (
				63C740F517283E2100849205 /* SPReachability.h */,
				63C740F617283E2100849205 /* SPReachability.m */,
			);
			path = Reachability;
			sourceTree = "<group>";
		};
		633906D61664DEC800DC29C8 /* Resources */ = {
			isa = PBXGroup;
			children = (
				633906D71664DEC800DC29C8 /* CloseX.png */,
			);
			path = Resources;
			sourceTree = "<group>";
		};
		6399DCEC16A45B6F00C81A97 /* patterns */ = {
			isa = PBXGroup;
			children = (
				6396875216A46D0E00715D14 /* lined_paper_@2X.png */,
				6396875316A46D0E00715D14 /* lined_paper.png */,
				6396874E16A46BCF00715D14 /* dvsup_@2X.png */,
				6396874F16A46BCF00715D14 /* dvsup.png */,
			);
			name = patterns;
			sourceTree = "<group>";
		};
		63F0698F1642B90000DA8377 /* ParameterProviders */ = {
			isa = PBXGroup;
			children = (
				6374EEE41694813C0003BBBF /* OpenUDID.h */,
				6374EEE51694813C0003BBBF /* OpenUDID.m */,
				6374EEE61694813C0003BBBF /* SecureUDID.h */,
				6374EEE71694813C0003BBBF /* SecureUDID.m */,
				6374EEE81694813C0003BBBF /* SPAppleAdvertiserIDProvider.h */,
				6374EEE91694813C0003BBBF /* SPAppleAdvertiserIDProvider.m */,
				6374EEEA1694813C0003BBBF /* SPHostAppBundleParametersProvider.h */,
				6374EEEB1694813C0003BBBF /* SPHostAppBundleParametersProvider.m */,
				6374EEEC1694813C0003BBBF /* SPJailbreakStatusProvider.h */,
				6374EEED1694813C0003BBBF /* SPJailbreakStatusProvider.m */,
				6374EEEE1694813C0003BBBF /* SPLocaleParametersProvider.h */,
				6374EEEF1694813C0003BBBF /* SPLocaleParametersProvider.m */,
				6374EEF01694813C0003BBBF /* SPMacAddressProvider.h */,
				6374EEF11694813C0003BBBF /* SPMacAddressProvider.m */,
				6374EEF21694813C0003BBBF /* SPMD5MacAddressProvider.h */,
				6374EEF31694813C0003BBBF /* SPMD5MacAddressProvider.m */,
				6374EEF41694813C0003BBBF /* SPNetworkParametersProvider.h */,
				6374EEF51694813C0003BBBF /* SPNetworkParametersProvider.m */,
				6374EEF61694813C0003BBBF /* SPOpenUDIDProvider.h */,
				6374EEF71694813C0003BBBF /* SPOpenUDIDProvider.m */,
				6374EEF81694813C0003BBBF /* SPScreenMetricsProvider.h */,
				6374EEF91694813C0003BBBF /* SPScreenMetricsProvider.m */,
				6374EEFA1694813C0003BBBF /* SPSDKVersionProvider.h */,
				6374EEFB1694813C0003BBBF /* SPSDKVersionProvider.m */,
				6374EEFC1694813C0003BBBF /* SPSecureUDIDProvider.h */,
				6374EEFD1694813C0003BBBF /* SPSecureUDIDProvider.m */,
				6374EEFE1694813C0003BBBF /* SPSHA1MacAddressProvider.h */,
				6374EEFF1694813C0003BBBF /* SPSHA1MacAddressProvider.m */,
				6374EF001694813C0003BBBF /* SPSystemParametersProvider.h */,
				6374EF011694813C0003BBBF /* SPSystemParametersProvider.m */,
				6374EF041694813C0003BBBF /* SPUrlParametersProvider.h */,
			);
			name = ParameterProviders;
			sourceTree = "<group>";
		};
/* End PBXGroup section */

/* Begin PBXNativeTarget section */
		1D6058900D05DD3D006BFB54 /* SponsorPaySample */ = {
			isa = PBXNativeTarget;
			buildConfigurationList = 1D6058960D05DD3E006BFB54 /* Build configuration list for PBXNativeTarget "SponsorPaySample" */;
			buildPhases = (
				1D60588D0D05DD3D006BFB54 /* Resources */,
				1D60588E0D05DD3D006BFB54 /* Sources */,
				1D60588F0D05DD3D006BFB54 /* Frameworks */,
			);
			buildRules = (
			);
			dependencies = (
			);
			name = SponsorPaySample;
			productName = SPPublish;
			productReference = 1D6058910D05DD3D006BFB54 /* SponsorPaySample.app */;
			productType = "com.apple.product-type.application";
		};
/* End PBXNativeTarget section */

/* Begin PBXProject section */
		29B97313FDCFA39411CA2CEA /* Project object */ = {
			isa = PBXProject;
			attributes = {
				LastUpgradeCheck = 0450;
				ORGANIZATIONNAME = SponsorPay;
			};
			buildConfigurationList = C01FCF4E08A954540054247B /* Build configuration list for PBXProject "SponsorPaySample" */;
			compatibilityVersion = "Xcode 3.2";
			developmentRegion = English;
			hasScannedForEncodings = 1;
			knownRegions = (
				English,
				Japanese,
				French,
				German,
				en,
			);
			mainGroup = 29B97314FDCFA39411CA2CEA /* CustomTemplate */;
			projectDirPath = "";
			projectRoot = "";
			targets = (
				1D6058900D05DD3D006BFB54 /* SponsorPaySample */,
			);
		};
/* End PBXProject section */

/* Begin PBXResourcesBuildPhase section */
		1D60588D0D05DD3D006BFB54 /* Resources */ = {
			isa = PBXResourcesBuildPhase;
			buildActionMask = 2147483647;
			files = (
				28AD733F0D9D9553002E5188 /* MainWindow.xib in Resources */,
				6395802313B0E3DF0024ABE7 /* Entitlements.plist in Resources */,
				3E04C32716035AE800AB610E /* SPSettingsViewController.xib in Resources */,
				3E312161160390700069F7AF /* settings.png in Resources */,
				3E4E2B52160A1FCC00CA3A2D /* Icon.png in Resources */,
				3E4E2B53160A1FCC00CA3A2D /* Icon@2x.png in Resources */,
				3E6E1C55160B706B002A54A4 /* LICENSE in Resources */,
				633906DA1664DEC800DC29C8 /* CloseX.png in Resources */,
				63D46CA81698D19800507110 /* Default-568h@2x.png in Resources */,
				63AE1DB716A3792A0099FB37 /* SPStartSDKViewController.xib in Resources */,
				63DE5B6516A4034A0094A251 /* SPOfferWallInterstitialViewController.xib in Resources */,
				63DE5B6A16A40EB40094A251 /* SPVCSViewController.xib in Resources */,
				63DE5B6F16A411D20094A251 /* SPCPEActionsViewController.xib in Resources */,
				63DE5B7416A412E30094A251 /* SPMBEViewController.xib in Resources */,
				6399DCDC16A4338500C81A97 /* SPLogViewController.xib in Resources */,
				6396875016A46BCF00715D14 /* dvsup_@2X.png in Resources */,
				6396875116A46BCF00715D14 /* dvsup.png in Resources */,
				6396875416A46D0E00715D14 /* lined_paper_@2X.png in Resources */,
				6396875516A46D0E00715D14 /* lined_paper.png in Resources */,
			);
			runOnlyForDeploymentPostprocessing = 0;
		};
/* End PBXResourcesBuildPhase section */

/* Begin PBXSourcesBuildPhase section */
		1D60588E0D05DD3D006BFB54 /* Sources */ = {
			isa = PBXSourcesBuildPhase;
			buildActionMask = 2147483647;
			files = (
				1D3623260D0F684500981E51 /* SPSampleAppDelegate.m in Sources */,
				63EB0A97134C535A001DC807 /* main.m in Sources */,
				6331A7381369C26900C17FEF /* SPAdvertiserManager.m in Sources */,
				6331A7391369C26900C17FEF /* SPInterstitialViewController.m in Sources */,
				6331A73C1369C26900C17FEF /* SPOfferWallViewController.m in Sources */,
				63E3EBD514332CB30083D0C8 /* SPPersistence.m in Sources */,
				63DE047D144594100096F965 /* SPLoadingIndicator.m in Sources */,
				63D6F9EC1458131100DCB268 /* SPAppIdValidator.m in Sources */,
				3E1882BA15ECCA120021DFBC /* SPSignature.m in Sources */,
				3E1882BB15ECCA120021DFBC /* SPURLGenerator.m in Sources */,
				3E1882C215ECCB0C0021DFBC /* NSString+SPURLEncoding.m in Sources */,
				3E1882C315ECCB0C0021DFBC /* NSURL+SPParametersParsing.m in Sources */,
				3E1882C715ECCB1D0021DFBC /* SPLogger.m in Sources */,
				3E04C32616035AE800AB610E /* SPSettingsViewController.m in Sources */,
				3E04C32F1603631800AB610E /* SPCustomParamsUtil.m in Sources */,
				3E6E1C0E160B4627002A54A4 /* SPVirtualCurrencyServerConnector.m in Sources */,
				3E6E1C56160B706B002A54A4 /* NSObject+SBJson.m in Sources */,
				3E6E1C57160B706B002A54A4 /* SBJsonParser.m in Sources */,
				3E6E1C58160B706B002A54A4 /* SBJsonStreamParser.m in Sources */,
				3E6E1C59160B706B002A54A4 /* SBJsonStreamParserAccumulator.m in Sources */,
				3E6E1C5A160B706B002A54A4 /* SBJsonStreamParserAdapter.m in Sources */,
				3E6E1C5B160B706B002A54A4 /* SBJsonStreamParserState.m in Sources */,
				3E6E1C5C160B706B002A54A4 /* SBJsonStreamWriter.m in Sources */,
				3E6E1C5D160B706B002A54A4 /* SBJsonStreamWriterAccumulator.m in Sources */,
				3E6E1C5E160B706B002A54A4 /* SBJsonStreamWriterState.m in Sources */,
				3E6E1C5F160B706B002A54A4 /* SBJsonTokeniser.m in Sources */,
				3E6E1C60160B706B002A54A4 /* SBJsonUTF8Stream.m in Sources */,
				3E6E1C61160B706B002A54A4 /* SBJsonWriter.m in Sources */,
				63B548C2163012DB00838580 /* SPSchemeParser.m in Sources */,
				63512D38163589300005C5E1 /* SPAdvertisementViewController.m in Sources */,
				638C811B16524C0800AA8322 /* SponsorPaySDK.m in Sources */,
				636D77AB1653DD640002C443 /* SPCredentials.m in Sources */,
				633906D81664DEC800DC29C8 /* iToast.m in Sources */,
				633906E21664DEF000DC29C8 /* SPBrandEngageClient.m in Sources */,
				633906E31664DEF000DC29C8 /* SPBrandEngageViewController.m in Sources */,
				633906E41664DEF000DC29C8 /* SPBrandEngageWebView.m in Sources */,
				6374EEDD1694802E0003BBBF /* SPActionIdValidator.m in Sources */,
				6374EEE2169480AD0003BBBF /* SPCallbackSendingOperation.m in Sources */,
				6374EF051694813C0003BBBF /* OpenUDID.m in Sources */,
				6374EF071694813C0003BBBF /* SecureUDID.m in Sources */,
				6374EF091694813C0003BBBF /* SPAppleAdvertiserIDProvider.m in Sources */,
				6374EF0B1694813C0003BBBF /* SPHostAppBundleParametersProvider.m in Sources */,
				6374EF0D1694813C0003BBBF /* SPJailbreakStatusProvider.m in Sources */,
				6374EF0F1694813C0003BBBF /* SPLocaleParametersProvider.m in Sources */,
				6374EF111694813C0003BBBF /* SPMacAddressProvider.m in Sources */,
				6374EF131694813C0003BBBF /* SPMD5MacAddressProvider.m in Sources */,
				6374EF151694813C0003BBBF /* SPNetworkParametersProvider.m in Sources */,
				6374EF171694813C0003BBBF /* SPOpenUDIDProvider.m in Sources */,
				6374EF191694813C0003BBBF /* SPScreenMetricsProvider.m in Sources */,
				6374EF1B1694813C0003BBBF /* SPSDKVersionProvider.m in Sources */,
				6374EF1D1694813C0003BBBF /* SPSecureUDIDProvider.m in Sources */,
				6374EF1F1694813C0003BBBF /* SPSHA1MacAddressProvider.m in Sources */,
				6374EF211694813C0003BBBF /* SPSystemParametersProvider.m in Sources */,
				63AE1DB616A3792A0099FB37 /* SPStartSDKViewController.m in Sources */,
				63DE5B5F16A401E10094A251 /* SPTestAppBaseViewController.m in Sources */,
				63DE5B6416A4034A0094A251 /* SPOfferWallInterstitialViewController.m in Sources */,
				63DE5B6916A40EB40094A251 /* SPVCSViewController.m in Sources */,
				63DE5B6E16A411D20094A251 /* SPCPEActionsViewController.m in Sources */,
				63DE5B7316A412E30094A251 /* SPMBEViewController.m in Sources */,
				6399DCDB16A4338500C81A97 /* SPLogViewController.m in Sources */,
				6361F35F16B5A57B00DE2E1D /* SPTargetedNotificationFilter.m in Sources */,
				63C740F717283E2100849205 /* SPReachability.m in Sources */,
			);
			runOnlyForDeploymentPostprocessing = 0;
		};
/* End PBXSourcesBuildPhase section */

/* Begin XCBuildConfiguration section */
		1D6058940D05DD3E006BFB54 /* Debug */ = {
			isa = XCBuildConfiguration;
			buildSettings = {
				ALWAYS_SEARCH_USER_PATHS = NO;
				CODE_SIGN_IDENTITY = "iPhone Developer";
				"CODE_SIGN_IDENTITY[sdk=iphoneos*]" = "iPhone Developer";
				COPY_PHASE_STRIP = NO;
				GCC_DYNAMIC_NO_PIC = NO;
				GCC_OPTIMIZATION_LEVEL = 0;
				GCC_PRECOMPILE_PREFIX_HEADER = YES;
				GCC_PREFIX_HEADER = SponsorPaySample_Prefix.pch;
				INFOPLIST_FILE = "SponsorPaySample-Info.plist";
				LIBRARY_SEARCH_PATHS = (
					"$(inherited)",
					"\"$(SRCROOT)\"",
				);
				PRODUCT_NAME = SponsorPaySample;
				PROVISIONING_PROFILE = "";
				"PROVISIONING_PROFILE[sdk=iphoneos*]" = "";
				TARGETED_DEVICE_FAMILY = 1;
			};
			name = Debug;
		};
		1D6058950D05DD3E006BFB54 /* Release */ = {
			isa = XCBuildConfiguration;
			buildSettings = {
				ALWAYS_SEARCH_USER_PATHS = NO;
				CODE_SIGN_IDENTITY = "iPhone Distribution";
				"CODE_SIGN_IDENTITY[sdk=iphoneos*]" = "iPhone Distribution";
				COPY_PHASE_STRIP = NO;
				GCC_PRECOMPILE_PREFIX_HEADER = YES;
				GCC_PREFIX_HEADER = SponsorPaySample_Prefix.pch;
				INFOPLIST_FILE = "SponsorPaySample-Info.plist";
				LIBRARY_SEARCH_PATHS = (
					"$(inherited)",
					"\"$(SRCROOT)\"",
				);
				PRODUCT_NAME = SponsorPaySample;
				PROVISIONING_PROFILE = "";
				"PROVISIONING_PROFILE[sdk=iphoneos*]" = "";
				TARGETED_DEVICE_FAMILY = 1;
				VALIDATE_PRODUCT = YES;
			};
			name = Release;
		};
		6395802013B0E2290024ABE7 /* Ad Hoc */ = {
			isa = XCBuildConfiguration;
			buildSettings = {
				ARCHS = "$(ARCHS_STANDARD_32_BIT)";
				CODE_SIGN_IDENTITY = "iPhone Developer";
				"CODE_SIGN_IDENTITY[sdk=*]" = "iPhone Developer";
				"CODE_SIGN_IDENTITY[sdk=iphoneos*]" = "iPhone Developer";
				GCC_C_LANGUAGE_STANDARD = c99;
				GCC_WARN_ABOUT_RETURN_TYPE = YES;
				GCC_WARN_UNUSED_VARIABLE = YES;
				IPHONEOS_DEPLOYMENT_TARGET = 3.0;
				OTHER_CFLAGS = "-DNS_BLOCK_ASSERTIONS=1";
				OTHER_LDFLAGS = "-ObjC";
				PROVISIONING_PROFILE = "";
				"PROVISIONING_PROFILE[sdk=*]" = "";
				"PROVISIONING_PROFILE[sdk=iphoneos*]" = "";
				SDKROOT = iphoneos;
			};
			name = "Ad Hoc";
		};
		6395802113B0E2290024ABE7 /* Ad Hoc */ = {
			isa = XCBuildConfiguration;
			buildSettings = {
				ALWAYS_SEARCH_USER_PATHS = NO;
				"CODE_SIGN_ENTITLEMENTS[sdk=*]" = Entitlements.plist;
				CODE_SIGN_IDENTITY = "iPhone Distribution";
				"CODE_SIGN_IDENTITY[sdk=*]" = "iPhone Distribution";
				"CODE_SIGN_IDENTITY[sdk=iphoneos*]" = "iPhone Distribution";
				COPY_PHASE_STRIP = NO;
				GCC_PRECOMPILE_PREFIX_HEADER = YES;
				GCC_PREFIX_HEADER = SponsorPaySample_Prefix.pch;
				INFOPLIST_FILE = "SponsorPaySample-Info.plist";
				LIBRARY_SEARCH_PATHS = (
					"$(inherited)",
					"\"$(SRCROOT)\"",
				);
				PRODUCT_NAME = SponsorPaySample;
				PROVISIONING_PROFILE = "";
				"PROVISIONING_PROFILE[sdk=*]" = "";
				"PROVISIONING_PROFILE[sdk=iphoneos*]" = "";
				TARGETED_DEVICE_FAMILY = 1;
				VALIDATE_PRODUCT = YES;
			};
			name = "Ad Hoc";
		};
		C01FCF4F08A954540054247B /* Debug */ = {
			isa = XCBuildConfiguration;
			buildSettings = {
				ARCHS = "$(ARCHS_STANDARD_32_BIT)";
				CODE_SIGN_IDENTITY = "iPhone Developer";
				"CODE_SIGN_IDENTITY[sdk=iphoneos*]" = "iPhone Developer";
				GCC_C_LANGUAGE_STANDARD = c99;
				GCC_WARN_ABOUT_RETURN_TYPE = YES;
				GCC_WARN_UNUSED_VARIABLE = YES;
				IPHONEOS_DEPLOYMENT_TARGET = 3.0;
				OTHER_LDFLAGS = "-ObjC";
				PROVISIONING_PROFILE = "";
				"PROVISIONING_PROFILE[sdk=iphoneos*]" = "";
				SDKROOT = iphoneos;
			};
			name = Debug;
		};
		C01FCF5008A954540054247B /* Release */ = {
			isa = XCBuildConfiguration;
			buildSettings = {
				ARCHS = "$(ARCHS_STANDARD_32_BIT)";
				CODE_SIGN_IDENTITY = "iPhone Developer";
				"CODE_SIGN_IDENTITY[sdk=iphoneos*]" = "iPhone Developer";
				GCC_C_LANGUAGE_STANDARD = c99;
				GCC_WARN_ABOUT_RETURN_TYPE = YES;
				GCC_WARN_UNUSED_VARIABLE = YES;
				IPHONEOS_DEPLOYMENT_TARGET = 3.0;
				OTHER_CFLAGS = "-DNS_BLOCK_ASSERTIONS=1";
				OTHER_LDFLAGS = "-ObjC";
				PROVISIONING_PROFILE = "";
				"PROVISIONING_PROFILE[sdk=iphoneos*]" = "";
				SDKROOT = iphoneos;
			};
			name = Release;
		};
/* End XCBuildConfiguration section */

/* Begin XCConfigurationList section */
		1D6058960D05DD3E006BFB54 /* Build configuration list for PBXNativeTarget "SponsorPaySample" */ = {
			isa = XCConfigurationList;
			buildConfigurations = (
				1D6058940D05DD3E006BFB54 /* Debug */,
				1D6058950D05DD3E006BFB54 /* Release */,
				6395802113B0E2290024ABE7 /* Ad Hoc */,
			);
			defaultConfigurationIsVisible = 0;
			defaultConfigurationName = Release;
		};
		C01FCF4E08A954540054247B /* Build configuration list for PBXProject "SponsorPaySample" */ = {
			isa = XCConfigurationList;
			buildConfigurations = (
				C01FCF4F08A954540054247B /* Debug */,
				C01FCF5008A954540054247B /* Release */,
				6395802013B0E2290024ABE7 /* Ad Hoc */,
			);
			defaultConfigurationIsVisible = 0;
			defaultConfigurationName = Release;
		};
/* End XCConfigurationList section */
	};
	rootObject = 29B97313FDCFA39411CA2CEA /* Project object */;
}
